
Microsoft Visual Studio Solution File, Format Version 12.00
# Visual Studio Version 17
VisualStudioVersion = 17.13.35919.96 d17.13
MinimumVisualStudioVersion = 10.0.40219.1
Project("{FAE04EC0-301F-11D3-BF4B-00C04F79EFBC}") = "Pizaa Restaurant", "Pizaa Restaurant\Pizaa Restaurant.csproj", "{D0EE62A3-BA27-44EA-A660-C60B503BF7CC}"
EndProject
Global
	GlobalSection(SolutionConfigurationPlatforms) = preSolution
		Debug|Any CPU = Debug|Any CPU
		Release|Any CPU = Release|Any CPU
	EndGlobalSection
	GlobalSection(ProjectConfigurationPlatforms) = postSolution
		{D0EE62A3-BA27-44EA-A660-C60B503BF7CC}.Debug|Any CPU.ActiveCfg = Debug|Any CPU
		{D0EE62A3-BA27-44EA-A660-C60B503BF7CC}.Debug|Any CPU.Build.0 = Debug|Any CPU
		{D0EE62A3-BA27-44EA-A660-C60B503BF7CC}.Release|Any CPU.ActiveCfg = Release|Any CPU
		{D0EE62A3-BA27-44EA-A660-C60B503BF7CC}.Release|Any CPU.Build.0 = Release|Any CPU
	EndGlobalSection
	GlobalSection(SolutionProperties) = preSolution
		HideSolutionNode = FALSE
	EndGlobalSection
	GlobalSection(ExtensibilityGlobals) = postSolution
		SolutionGuid = {5943A503-9AEF-4AB5-A0E0-ADC397A10F93}
	EndGlobalSection
EndGlobal
